// !$*UTF8*$!
{
	archiveVersion = 1;
	classes = {
	};
	objectVersion = 56;
	objects = {

/* Begin PBXBuildFile section */
		0A40FE0A29367184002E90AF /* BasicFunction.swift in Sources */ = {isa = PBXBuildFile; fileRef = 0A40FE0929367184002E90AF /* BasicFunction.swift */; };
		0AB5771B2935D83700DFA5D2 /* AppDelegate.swift in Sources */ = {isa = PBXBuildFile; fileRef = 0AB5771A2935D83700DFA5D2 /* AppDelegate.swift */; };
		0AB5771D2935D83700DFA5D2 /* SceneDelegate.swift in Sources */ = {isa = PBXBuildFile; fileRef = 0AB5771C2935D83700DFA5D2 /* SceneDelegate.swift */; };
		0AB5771F2935D83700DFA5D2 /* ViewController.swift in Sources */ = {isa = PBXBuildFile; fileRef = 0AB5771E2935D83700DFA5D2 /* ViewController.swift */; };
		0AB577222935D83700DFA5D2 /* Main.storyboard in Resources */ = {isa = PBXBuildFile; fileRef = 0AB577202935D83700DFA5D2 /* Main.storyboard */; };
		0AB577242935D83900DFA5D2 /* Assets.xcassets in Resources */ = {isa = PBXBuildFile; fileRef = 0AB577232935D83900DFA5D2 /* Assets.xcassets */; };
		0AB577272935D83900DFA5D2 /* LaunchScreen.storyboard in Resources */ = {isa = PBXBuildFile; fileRef = 0AB577252935D83900DFA5D2 /* LaunchScreen.storyboard */; };
		0AB577322935D83900DFA5D2 /* MovieChallengeTests.swift in Sources */ = {isa = PBXBuildFile; fileRef = 0AB577312935D83900DFA5D2 /* MovieChallengeTests.swift */; };
		0AB5773C2935D83900DFA5D2 /* MovieChallengeUITests.swift in Sources */ = {isa = PBXBuildFile; fileRef = 0AB5773B2935D83900DFA5D2 /* MovieChallengeUITests.swift */; };
		0AB5773E2935D83900DFA5D2 /* MovieChallengeUITestsLaunchTests.swift in Sources */ = {isa = PBXBuildFile; fileRef = 0AB5773D2935D83900DFA5D2 /* MovieChallengeUITestsLaunchTests.swift */; };
		0AB5774C2935D85A00DFA5D2 /* RxSwift in Frameworks */ = {isa = PBXBuildFile; productRef = 0AB5774B2935D85A00DFA5D2 /* RxSwift */; };
		0AB5774F2935D87C00DFA5D2 /* Alamofire in Frameworks */ = {isa = PBXBuildFile; productRef = 0AB5774E2935D87C00DFA5D2 /* Alamofire */; };
		0AB577522935D8B800DFA5D2 /* BaseNetWorkService.swift in Sources */ = {isa = PBXBuildFile; fileRef = 0AB577512935D8B800DFA5D2 /* BaseNetWorkService.swift */; };
		0AB577552935D95600DFA5D2 /* ArticleModel.swift in Sources */ = {isa = PBXBuildFile; fileRef = 0AB577542935D95600DFA5D2 /* ArticleModel.swift */; };
		0AB577592935DB6300DFA5D2 /* MovieTableViewCell.swift in Sources */ = {isa = PBXBuildFile; fileRef = 0AB577572935DB6300DFA5D2 /* MovieTableViewCell.swift */; };
		0AB5775A2935DB6300DFA5D2 /* MovieTableViewCell.xib in Resources */ = {isa = PBXBuildFile; fileRef = 0AB577582935DB6300DFA5D2 /* MovieTableViewCell.xib */; };
		0AB5775F2935E23400DFA5D2 /* MovieViewModel.swift in Sources */ = {isa = PBXBuildFile; fileRef = 0AB5775E2935E23400DFA5D2 /* MovieViewModel.swift */; };
		0AB5776129360A1700DFA5D2 /* Handler.swift in Sources */ = {isa = PBXBuildFile; fileRef = 0AB5776029360A1700DFA5D2 /* Handler.swift */; };
		0AB5776429360F9300DFA5D2 /* Operation.swift in Sources */ = {isa = PBXBuildFile; fileRef = 0AB5776329360F9300DFA5D2 /* Operation.swift */; };
		0AB577662936102000DFA5D2 /* ImageDowloadManager.swift in Sources */ = {isa = PBXBuildFile; fileRef = 0AB577652936102000DFA5D2 /* ImageDowloadManager.swift */; };
		0AB5776B2936369E00DFA5D2 /* DetailScreenVC.swift in Sources */ = {isa = PBXBuildFile; fileRef = 0AB577692936369E00DFA5D2 /* DetailScreenVC.swift */; };
		0AB5776C2936369E00DFA5D2 /* DetailScreenVC.xib in Resources */ = {isa = PBXBuildFile; fileRef = 0AB5776A2936369E00DFA5D2 /* DetailScreenVC.xib */; };
		0AB577702936465C00DFA5D2 /* DataTest.strings in Resources */ = {isa = PBXBuildFile; fileRef = 0AB5776F2936465C00DFA5D2 /* DataTest.strings */; };
/* End PBXBuildFile section */

/* Begin PBXContainerItemProxy section */
		0AB5772E2935D83900DFA5D2 /* PBXContainerItemProxy */ = {
			isa = PBXContainerItemProxy;
			containerPortal = 0AB5770F2935D83700DFA5D2 /* Project object */;
			proxyType = 1;
			remoteGlobalIDString = 0AB577162935D83700DFA5D2;
			remoteInfo = MovieChallenge;
		};
		0AB577382935D83900DFA5D2 /* PBXContainerItemProxy */ = {
			isa = PBXContainerItemProxy;
			containerPortal = 0AB5770F2935D83700DFA5D2 /* Project object */;
			proxyType = 1;
			remoteGlobalIDString = 0AB577162935D83700DFA5D2;
			remoteInfo = MovieChallenge;
		};
/* End PBXContainerItemProxy section */

/* Begin PBXFileReference section */
		0A40FE0929367184002E90AF /* BasicFunction.swift */ = {isa = PBXFileReference; lastKnownFileType = sourcecode.swift; path = BasicFunction.swift; sourceTree = "<group>"; };
		0AB577172935D83700DFA5D2 /* MovieChallenge.app */ = {isa = PBXFileReference; explicitFileType = wrapper.application; includeInIndex = 0; path = MovieChallenge.app; sourceTree = BUILT_PRODUCTS_DIR; };
		0AB5771A2935D83700DFA5D2 /* AppDelegate.swift */ = {isa = PBXFileReference; lastKnownFileType = sourcecode.swift; path = AppDelegate.swift; sourceTree = "<group>"; };
		0AB5771C2935D83700DFA5D2 /* SceneDelegate.swift */ = {isa = PBXFileReference; lastKnownFileType = sourcecode.swift; path = SceneDelegate.swift; sourceTree = "<group>"; };
		0AB5771E2935D83700DFA5D2 /* ViewController.swift */ = {isa = PBXFileReference; lastKnownFileType = sourcecode.swift; path = ViewController.swift; sourceTree = "<group>"; };
		0AB577212935D83700DFA5D2 /* Base */ = {isa = PBXFileReference; lastKnownFileType = file.storyboard; name = Base; path = Base.lproj/Main.storyboard; sourceTree = "<group>"; };
		0AB577232935D83900DFA5D2 /* Assets.xcassets */ = {isa = PBXFileReference; lastKnownFileType = folder.assetcatalog; path = Assets.xcassets; sourceTree = "<group>"; };
		0AB577262935D83900DFA5D2 /* Base */ = {isa = PBXFileReference; lastKnownFileType = file.storyboard; name = Base; path = Base.lproj/LaunchScreen.storyboard; sourceTree = "<group>"; };
		0AB577282935D83900DFA5D2 /* Info.plist */ = {isa = PBXFileReference; lastKnownFileType = text.plist.xml; path = Info.plist; sourceTree = "<group>"; };
		0AB5772D2935D83900DFA5D2 /* MovieChallengeTests.xctest */ = {isa = PBXFileReference; explicitFileType = wrapper.cfbundle; includeInIndex = 0; path = MovieChallengeTests.xctest; sourceTree = BUILT_PRODUCTS_DIR; };
		0AB577312935D83900DFA5D2 /* MovieChallengeTests.swift */ = {isa = PBXFileReference; lastKnownFileType = sourcecode.swift; path = MovieChallengeTests.swift; sourceTree = "<group>"; };
		0AB577372935D83900DFA5D2 /* MovieChallengeUITests.xctest */ = {isa = PBXFileReference; explicitFileType = wrapper.cfbundle; includeInIndex = 0; path = MovieChallengeUITests.xctest; sourceTree = BUILT_PRODUCTS_DIR; };
		0AB5773B2935D83900DFA5D2 /* MovieChallengeUITests.swift */ = {isa = PBXFileReference; lastKnownFileType = sourcecode.swift; path = MovieChallengeUITests.swift; sourceTree = "<group>"; };
		0AB5773D2935D83900DFA5D2 /* MovieChallengeUITestsLaunchTests.swift */ = {isa = PBXFileReference; lastKnownFileType = sourcecode.swift; path = MovieChallengeUITestsLaunchTests.swift; sourceTree = "<group>"; };
		0AB577512935D8B800DFA5D2 /* BaseNetWorkService.swift */ = {isa = PBXFileReference; lastKnownFileType = sourcecode.swift; path = BaseNetWorkService.swift; sourceTree = "<group>"; };
		0AB577542935D95600DFA5D2 /* ArticleModel.swift */ = {isa = PBXFileReference; lastKnownFileType = sourcecode.swift; path = ArticleModel.swift; sourceTree = "<group>"; };
		0AB577572935DB6300DFA5D2 /* MovieTableViewCell.swift */ = {isa = PBXFileReference; lastKnownFileType = sourcecode.swift; path = MovieTableViewCell.swift; sourceTree = "<group>"; };
		0AB577582935DB6300DFA5D2 /* MovieTableViewCell.xib */ = {isa = PBXFileReference; lastKnownFileType = file.xib; path = MovieTableViewCell.xib; sourceTree = "<group>"; };
		0AB5775E2935E23400DFA5D2 /* MovieViewModel.swift */ = {isa = PBXFileReference; lastKnownFileType = sourcecode.swift; path = MovieViewModel.swift; sourceTree = "<group>"; };
		0AB5776029360A1700DFA5D2 /* Handler.swift */ = {isa = PBXFileReference; lastKnownFileType = sourcecode.swift; path = Handler.swift; sourceTree = "<group>"; };
		0AB5776329360F9300DFA5D2 /* Operation.swift */ = {isa = PBXFileReference; lastKnownFileType = sourcecode.swift; path = Operation.swift; sourceTree = "<group>"; };
		0AB577652936102000DFA5D2 /* ImageDowloadManager.swift */ = {isa = PBXFileReference; lastKnownFileType = sourcecode.swift; path = ImageDowloadManager.swift; sourceTree = "<group>"; };
		0AB577692936369E00DFA5D2 /* DetailScreenVC.swift */ = {isa = PBXFileReference; lastKnownFileType = sourcecode.swift; path = DetailScreenVC.swift; sourceTree = "<group>"; };
		0AB5776A2936369E00DFA5D2 /* DetailScreenVC.xib */ = {isa = PBXFileReference; lastKnownFileType = file.xib; path = DetailScreenVC.xib; sourceTree = "<group>"; };
		0AB5776F2936465C00DFA5D2 /* DataTest.strings */ = {isa = PBXFileReference; lastKnownFileType = text.plist.strings; path = DataTest.strings; sourceTree = "<group>"; };
/* End PBXFileReference section */

/* Begin PBXFrameworksBuildPhase section */
		0AB577142935D83700DFA5D2 /* Frameworks */ = {
			isa = PBXFrameworksBuildPhase;
			buildActionMask = 2147483647;
			files = (
				0AB5774C2935D85A00DFA5D2 /* RxSwift in Frameworks */,
				0AB5774F2935D87C00DFA5D2 /* Alamofire in Frameworks */,
			);
			runOnlyForDeploymentPostprocessing = 0;
		};
		0AB5772A2935D83900DFA5D2 /* Frameworks */ = {
			isa = PBXFrameworksBuildPhase;
			buildActionMask = 2147483647;
			files = (
			);
			runOnlyForDeploymentPostprocessing = 0;
		};
		0AB577342935D83900DFA5D2 /* Frameworks */ = {
			isa = PBXFrameworksBuildPhase;
			buildActionMask = 2147483647;
			files = (
			);
			runOnlyForDeploymentPostprocessing = 0;
		};
/* End PBXFrameworksBuildPhase section */

/* Begin PBXGroup section */
		0AB5770E2935D83700DFA5D2 = {
			isa = PBXGroup;
			children = (
				0AB577192935D83700DFA5D2 /* MovieChallenge */,
				0AB577302935D83900DFA5D2 /* MovieChallengeTests */,
				0AB5773A2935D83900DFA5D2 /* MovieChallengeUITests */,
				0AB577182935D83700DFA5D2 /* Products */,
			);
			sourceTree = "<group>";
		};
		0AB577182935D83700DFA5D2 /* Products */ = {
			isa = PBXGroup;
			children = (
				0AB577172935D83700DFA5D2 /* MovieChallenge.app */,
				0AB5772D2935D83900DFA5D2 /* MovieChallengeTests.xctest */,
				0AB577372935D83900DFA5D2 /* MovieChallengeUITests.xctest */,
			);
			name = Products;
			sourceTree = "<group>";
		};
		0AB577192935D83700DFA5D2 /* MovieChallenge */ = {
			isa = PBXGroup;
			children = (
				0AB577682936363200DFA5D2 /* DetailScreen */,
				0AB5776229360F4800DFA5D2 /* Utility */,
				0AB5775B2935E1A500DFA5D2 /* ViewModels */,
				0AB577562935DB3100DFA5D2 /* Cells */,
				0AB577532935D94200DFA5D2 /* Models */,
				0AB577502935D89800DFA5D2 /* NetWork */,
				0AB5771A2935D83700DFA5D2 /* AppDelegate.swift */,
				0AB5771C2935D83700DFA5D2 /* SceneDelegate.swift */,
				0AB5771E2935D83700DFA5D2 /* ViewController.swift */,
				0AB577202935D83700DFA5D2 /* Main.storyboard */,
				0AB577232935D83900DFA5D2 /* Assets.xcassets */,
				0AB577252935D83900DFA5D2 /* LaunchScreen.storyboard */,
				0AB577282935D83900DFA5D2 /* Info.plist */,
			);
			path = MovieChallenge;
			sourceTree = "<group>";
		};
		0AB577302935D83900DFA5D2 /* MovieChallengeTests */ = {
			isa = PBXGroup;
			children = (
				0AB577712936494600DFA5D2 /* ViewController */,
				0AB5776E2936463300DFA5D2 /* DataTest */,
				0AB577312935D83900DFA5D2 /* MovieChallengeTests.swift */,
			);
			path = MovieChallengeTests;
			sourceTree = "<group>";
		};
		0AB5773A2935D83900DFA5D2 /* MovieChallengeUITests */ = {
			isa = PBXGroup;
			children = (
				0AB5773B2935D83900DFA5D2 /* MovieChallengeUITests.swift */,
				0AB5773D2935D83900DFA5D2 /* MovieChallengeUITestsLaunchTests.swift */,
			);
			path = MovieChallengeUITests;
			sourceTree = "<group>";
		};
		0AB577502935D89800DFA5D2 /* NetWork */ = {
			isa = PBXGroup;
			children = (
				0AB577512935D8B800DFA5D2 /* BaseNetWorkService.swift */,
			);
			path = NetWork;
			sourceTree = "<group>";
		};
		0AB577532935D94200DFA5D2 /* Models */ = {
			isa = PBXGroup;
			children = (
				0AB577542935D95600DFA5D2 /* ArticleModel.swift */,
			);
			path = Models;
			sourceTree = "<group>";
		};
		0AB577562935DB3100DFA5D2 /* Cells */ = {
			isa = PBXGroup;
			children = (
				0AB577572935DB6300DFA5D2 /* MovieTableViewCell.swift */,
				0AB577582935DB6300DFA5D2 /* MovieTableViewCell.xib */,
			);
			path = Cells;
			sourceTree = "<group>";
		};
		0AB5775B2935E1A500DFA5D2 /* ViewModels */ = {
			isa = PBXGroup;
			children = (
				0AB5775E2935E23400DFA5D2 /* MovieViewModel.swift */,
				0AB5776029360A1700DFA5D2 /* Handler.swift */,
			);
			path = ViewModels;
			sourceTree = "<group>";
		};
		0AB5776229360F4800DFA5D2 /* Utility */ = {
			isa = PBXGroup;
			children = (
				0AB5776329360F9300DFA5D2 /* Operation.swift */,
				0AB577652936102000DFA5D2 /* ImageDowloadManager.swift */,
				0A40FE0929367184002E90AF /* BasicFunction.swift */,
			);
			path = Utility;
			sourceTree = "<group>";
		};
		0AB577682936363200DFA5D2 /* DetailScreen */ = {
			isa = PBXGroup;
			children = (
				0AB577692936369E00DFA5D2 /* DetailScreenVC.swift */,
				0AB5776A2936369E00DFA5D2 /* DetailScreenVC.xib */,
			);
			path = DetailScreen;
			sourceTree = "<group>";
		};
		0AB5776E2936463300DFA5D2 /* DataTest */ = {
			isa = PBXGroup;
			children = (
				0AB5776F2936465C00DFA5D2 /* DataTest.strings */,
			);
			path = DataTest;
			sourceTree = "<group>";
		};
		0AB577712936494600DFA5D2 /* ViewController */ = {
			isa = PBXGroup;
			children = (
			);
			path = ViewController;
			sourceTree = "<group>";
		};
/* End PBXGroup section */

/* Begin PBXNativeTarget section */
		0AB577162935D83700DFA5D2 /* MovieChallenge */ = {
			isa = PBXNativeTarget;
			buildConfigurationList = 0AB577412935D83900DFA5D2 /* Build configuration list for PBXNativeTarget "MovieChallenge" */;
			buildPhases = (
				0AB577132935D83700DFA5D2 /* Sources */,
				0AB577142935D83700DFA5D2 /* Frameworks */,
				0AB577152935D83700DFA5D2 /* Resources */,
			);
			buildRules = (
			);
			dependencies = (
			);
			name = MovieChallenge;
			packageProductDependencies = (
				0AB5774B2935D85A00DFA5D2 /* RxSwift */,
				0AB5774E2935D87C00DFA5D2 /* Alamofire */,
			);
			productName = MovieChallenge;
			productReference = 0AB577172935D83700DFA5D2 /* MovieChallenge.app */;
			productType = "com.apple.product-type.application";
		};
		0AB5772C2935D83900DFA5D2 /* MovieChallengeTests */ = {
			isa = PBXNativeTarget;
			buildConfigurationList = 0AB577442935D83900DFA5D2 /* Build configuration list for PBXNativeTarget "MovieChallengeTests" */;
			buildPhases = (
				0AB577292935D83900DFA5D2 /* Sources */,
				0AB5772A2935D83900DFA5D2 /* Frameworks */,
				0AB5772B2935D83900DFA5D2 /* Resources */,
			);
			buildRules = (
			);
			dependencies = (
				0AB5772F2935D83900DFA5D2 /* PBXTargetDependency */,
			);
			name = MovieChallengeTests;
			productName = MovieChallengeTests;
			productReference = 0AB5772D2935D83900DFA5D2 /* MovieChallengeTests.xctest */;
			productType = "com.apple.product-type.bundle.unit-test";
		};
		0AB577362935D83900DFA5D2 /* MovieChallengeUITests */ = {
			isa = PBXNativeTarget;
			buildConfigurationList = 0AB577472935D83900DFA5D2 /* Build configuration list for PBXNativeTarget "MovieChallengeUITests" */;
			buildPhases = (
				0AB577332935D83900DFA5D2 /* Sources */,
				0AB577342935D83900DFA5D2 /* Frameworks */,
				0AB577352935D83900DFA5D2 /* Resources */,
			);
			buildRules = (
			);
			dependencies = (
				0AB577392935D83900DFA5D2 /* PBXTargetDependency */,
			);
			name = MovieChallengeUITests;
			productName = MovieChallengeUITests;
			productReference = 0AB577372935D83900DFA5D2 /* MovieChallengeUITests.xctest */;
			productType = "com.apple.product-type.bundle.ui-testing";
		};
/* End PBXNativeTarget section */

/* Begin PBXProject section */
		0AB5770F2935D83700DFA5D2 /* Project object */ = {
			isa = PBXProject;
			attributes = {
				BuildIndependentTargetsInParallel = 1;
				LastSwiftUpdateCheck = 1400;
				LastUpgradeCheck = 1400;
				TargetAttributes = {
					0AB577162935D83700DFA5D2 = {
						CreatedOnToolsVersion = 14.0.1;
					};
					0AB5772C2935D83900DFA5D2 = {
						CreatedOnToolsVersion = 14.0.1;
						TestTargetID = 0AB577162935D83700DFA5D2;
					};
					0AB577362935D83900DFA5D2 = {
						CreatedOnToolsVersion = 14.0.1;
						TestTargetID = 0AB577162935D83700DFA5D2;
					};
				};
			};
			buildConfigurationList = 0AB577122935D83700DFA5D2 /* Build configuration list for PBXProject "MovieChallenge" */;
			compatibilityVersion = "Xcode 14.0";
			developmentRegion = en;
			hasScannedForEncodings = 0;
			knownRegions = (
				en,
				Base,
			);
			mainGroup = 0AB5770E2935D83700DFA5D2;
			packageReferences = (
				0AB5774A2935D85A00DFA5D2 /* XCRemoteSwiftPackageReference "RxSwift" */,
				0AB5774D2935D87C00DFA5D2 /* XCRemoteSwiftPackageReference "Alamofire" */,
			);
			productRefGroup = 0AB577182935D83700DFA5D2 /* Products */;
			projectDirPath = "";
			projectRoot = "";
			targets = (
				0AB577162935D83700DFA5D2 /* MovieChallenge */,
				0AB5772C2935D83900DFA5D2 /* MovieChallengeTests */,
				0AB577362935D83900DFA5D2 /* MovieChallengeUITests */,
			);
		};
/* End PBXProject section */

/* Begin PBXResourcesBuildPhase section */
		0AB577152935D83700DFA5D2 /* Resources */ = {
			isa = PBXResourcesBuildPhase;
			buildActionMask = 2147483647;
			files = (
				0AB577272935D83900DFA5D2 /* LaunchScreen.storyboard in Resources */,
				0AB577242935D83900DFA5D2 /* Assets.xcassets in Resources */,
				0AB5775A2935DB6300DFA5D2 /* MovieTableViewCell.xib in Resources */,
				0AB577222935D83700DFA5D2 /* Main.storyboard in Resources */,
				0AB5776C2936369E00DFA5D2 /* DetailScreenVC.xib in Resources */,
			);
			runOnlyForDeploymentPostprocessing = 0;
		};
		0AB5772B2935D83900DFA5D2 /* Resources */ = {
			isa = PBXResourcesBuildPhase;
			buildActionMask = 2147483647;
			files = (
				0AB577702936465C00DFA5D2 /* DataTest.strings in Resources */,
			);
			runOnlyForDeploymentPostprocessing = 0;
		};
		0AB577352935D83900DFA5D2 /* Resources */ = {
			isa = PBXResourcesBuildPhase;
			buildActionMask = 2147483647;
			files = (
			);
			runOnlyForDeploymentPostprocessing = 0;
		};
/* End PBXResourcesBuildPhase section */

/* Begin PBXSourcesBuildPhase section */
		0AB577132935D83700DFA5D2 /* Sources */ = {
			isa = PBXSourcesBuildPhase;
			buildActionMask = 2147483647;
			files = (
				0AB5771F2935D83700DFA5D2 /* ViewController.swift in Sources */,
				0AB5776B2936369E00DFA5D2 /* DetailScreenVC.swift in Sources */,
				0AB577552935D95600DFA5D2 /* ArticleModel.swift in Sources */,
				0AB577592935DB6300DFA5D2 /* MovieTableViewCell.swift in Sources */,
				0AB577522935D8B800DFA5D2 /* BaseNetWorkService.swift in Sources */,
				0AB5771B2935D83700DFA5D2 /* AppDelegate.swift in Sources */,
				0AB5776429360F9300DFA5D2 /* Operation.swift in Sources */,
				0AB5775F2935E23400DFA5D2 /* MovieViewModel.swift in Sources */,
				0AB5776129360A1700DFA5D2 /* Handler.swift in Sources */,
				0AB577662936102000DFA5D2 /* ImageDowloadManager.swift in Sources */,
				0A40FE0A29367184002E90AF /* BasicFunction.swift in Sources */,
				0AB5771D2935D83700DFA5D2 /* SceneDelegate.swift in Sources */,
			);
			runOnlyForDeploymentPostprocessing = 0;
		};
		0AB577292935D83900DFA5D2 /* Sources */ = {
			isa = PBXSourcesBuildPhase;
			buildActionMask = 2147483647;
			files = (
				0AB577322935D83900DFA5D2 /* MovieChallengeTests.swift in Sources */,
			);
			runOnlyForDeploymentPostprocessing = 0;
		};
		0AB577332935D83900DFA5D2 /* Sources */ = {
			isa = PBXSourcesBuildPhase;
			buildActionMask = 2147483647;
			files = (
				0AB5773C2935D83900DFA5D2 /* MovieChallengeUITests.swift in Sources */,
				0AB5773E2935D83900DFA5D2 /* MovieChallengeUITestsLaunchTests.swift in Sources */,
			);
			runOnlyForDeploymentPostprocessing = 0;
		};
/* End PBXSourcesBuildPhase section */

/* Begin PBXTargetDependency section */
		0AB5772F2935D83900DFA5D2 /* PBXTargetDependency */ = {
			isa = PBXTargetDependency;
			target = 0AB577162935D83700DFA5D2 /* MovieChallenge */;
			targetProxy = 0AB5772E2935D83900DFA5D2 /* PBXContainerItemProxy */;
		};
		0AB577392935D83900DFA5D2 /* PBXTargetDependency */ = {
			isa = PBXTargetDependency;
			target = 0AB577162935D83700DFA5D2 /* MovieChallenge */;
			targetProxy = 0AB577382935D83900DFA5D2 /* PBXContainerItemProxy */;
		};
/* End PBXTargetDependency section */

/* Begin PBXVariantGroup section */
		0AB577202935D83700DFA5D2 /* Main.storyboard */ = {
			isa = PBXVariantGroup;
			children = (
				0AB577212935D83700DFA5D2 /* Base */,
			);
			name = Main.storyboard;
			sourceTree = "<group>";
		};
		0AB577252935D83900DFA5D2 /* LaunchScreen.storyboard */ = {
			isa = PBXVariantGroup;
			children = (
				0AB577262935D83900DFA5D2 /* Base */,
			);
			name = LaunchScreen.storyboard;
			sourceTree = "<group>";
		};
/* End PBXVariantGroup section */

/* Begin XCBuildConfiguration section */
		0AB5773F2935D83900DFA5D2 /* Debug */ = {
			isa = XCBuildConfiguration;
			buildSettings = {
				ALWAYS_SEARCH_USER_PATHS = NO;
				CLANG_ANALYZER_NONNULL = YES;
				CLANG_ANALYZER_NUMBER_OBJECT_CONVERSION = YES_AGGRESSIVE;
				CLANG_CXX_LANGUAGE_STANDARD = "gnu++20";
				CLANG_ENABLE_MODULES = YES;
				CLANG_ENABLE_OBJC_ARC = YES;
				CLANG_ENABLE_OBJC_WEAK = YES;
				CLANG_WARN_BLOCK_CAPTURE_AUTORELEASING = YES;
				CLANG_WARN_BOOL_CONVERSION = YES;
				CLANG_WARN_COMMA = YES;
				CLANG_WARN_CONSTANT_CONVERSION = YES;
				CLANG_WARN_DEPRECATED_OBJC_IMPLEMENTATIONS = YES;
				CLANG_WARN_DIRECT_OBJC_ISA_USAGE = YES_ERROR;
				CLANG_WARN_DOCUMENTATION_COMMENTS = YES;
				CLANG_WARN_EMPTY_BODY = YES;
				CLANG_WARN_ENUM_CONVERSION = YES;
				CLANG_WARN_INFINITE_RECURSION = YES;
				CLANG_WARN_INT_CONVERSION = YES;
				CLANG_WARN_NON_LITERAL_NULL_CONVERSION = YES;
				CLANG_WARN_OBJC_IMPLICIT_RETAIN_SELF = YES;
				CLANG_WARN_OBJC_LITERAL_CONVERSION = YES;
				CLANG_WARN_OBJC_ROOT_CLASS = YES_ERROR;
				CLANG_WARN_QUOTED_INCLUDE_IN_FRAMEWORK_HEADER = YES;
				CLANG_WARN_RANGE_LOOP_ANALYSIS = YES;
				CLANG_WARN_STRICT_PROTOTYPES = YES;
				CLANG_WARN_SUSPICIOUS_MOVE = YES;
				CLANG_WARN_UNGUARDED_AVAILABILITY = YES_AGGRESSIVE;
				CLANG_WARN_UNREACHABLE_CODE = YES;
				CLANG_WARN__DUPLICATE_METHOD_MATCH = YES;
				COPY_PHASE_STRIP = NO;
				DEBUG_INFORMATION_FORMAT = dwarf;
				ENABLE_STRICT_OBJC_MSGSEND = YES;
				ENABLE_TESTABILITY = YES;
				GCC_C_LANGUAGE_STANDARD = gnu11;
				GCC_DYNAMIC_NO_PIC = NO;
				GCC_NO_COMMON_BLOCKS = YES;
				GCC_OPTIMIZATION_LEVEL = 0;
				GCC_PREPROCESSOR_DEFINITIONS = (
					"DEBUG=1",
					"$(inherited)",
				);
				GCC_WARN_64_TO_32_BIT_CONVERSION = YES;
				GCC_WARN_ABOUT_RETURN_TYPE = YES_ERROR;
				GCC_WARN_UNDECLARED_SELECTOR = YES;
				GCC_WARN_UNINITIALIZED_AUTOS = YES_AGGRESSIVE;
				GCC_WARN_UNUSED_FUNCTION = YES;
				GCC_WARN_UNUSED_VARIABLE = YES;
				IPHONEOS_DEPLOYMENT_TARGET = 16.0;
				MTL_ENABLE_DEBUG_INFO = INCLUDE_SOURCE;
				MTL_FAST_MATH = YES;
				ONLY_ACTIVE_ARCH = YES;
				SDKROOT = iphoneos;
				SWIFT_ACTIVE_COMPILATION_CONDITIONS = DEBUG;
				SWIFT_OPTIMIZATION_LEVEL = "-Onone";
			};
			name = Debug;
		};
		0AB577402935D83900DFA5D2 /* Release */ = {
			isa = XCBuildConfiguration;
			buildSettings = {
				ALWAYS_SEARCH_USER_PATHS = NO;
				CLANG_ANALYZER_NONNULL = YES;
				CLANG_ANALYZER_NUMBER_OBJECT_CONVERSION = YES_AGGRESSIVE;
				CLANG_CXX_LANGUAGE_STANDARD = "gnu++20";
				CLANG_ENABLE_MODULES = YES;
				CLANG_ENABLE_OBJC_ARC = YES;
				CLANG_ENABLE_OBJC_WEAK = YES;
				CLANG_WARN_BLOCK_CAPTURE_AUTORELEASING = YES;
				CLANG_WARN_BOOL_CONVERSION = YES;
				CLANG_WARN_COMMA = YES;
				CLANG_WARN_CONSTANT_CONVERSION = YES;
				CLANG_WARN_DEPRECATED_OBJC_IMPLEMENTATIONS = YES;
				CLANG_WARN_DIRECT_OBJC_ISA_USAGE = YES_ERROR;
				CLANG_WARN_DOCUMENTATION_COMMENTS = YES;
				CLANG_WARN_EMPTY_BODY = YES;
				CLANG_WARN_ENUM_CONVERSION = YES;
				CLANG_WARN_INFINITE_RECURSION = YES;
				CLANG_WARN_INT_CONVERSION = YES;
				CLANG_WARN_NON_LITERAL_NULL_CONVERSION = YES;
				CLANG_WARN_OBJC_IMPLICIT_RETAIN_SELF = YES;
				CLANG_WARN_OBJC_LITERAL_CONVERSION = YES;
				CLANG_WARN_OBJC_ROOT_CLASS = YES_ERROR;
				CLANG_WARN_QUOTED_INCLUDE_IN_FRAMEWORK_HEADER = YES;
				CLANG_WARN_RANGE_LOOP_ANALYSIS = YES;
				CLANG_WARN_STRICT_PROTOTYPES = YES;
				CLANG_WARN_SUSPICIOUS_MOVE = YES;
				CLANG_WARN_UNGUARDED_AVAILABILITY = YES_AGGRESSIVE;
				CLANG_WARN_UNREACHABLE_CODE = YES;
				CLANG_WARN__DUPLICATE_METHOD_MATCH = YES;
				COPY_PHASE_STRIP = NO;
				DEBUG_INFORMATION_FORMAT = "dwarf-with-dsym";
				ENABLE_NS_ASSERTIONS = NO;
				ENABLE_STRICT_OBJC_MSGSEND = YES;
				GCC_C_LANGUAGE_STANDARD = gnu11;
				GCC_NO_COMMON_BLOCKS = YES;
				GCC_WARN_64_TO_32_BIT_CONVERSION = YES;
				GCC_WARN_ABOUT_RETURN_TYPE = YES_ERROR;
				GCC_WARN_UNDECLARED_SELECTOR = YES;
				GCC_WARN_UNINITIALIZED_AUTOS = YES_AGGRESSIVE;
				GCC_WARN_UNUSED_FUNCTION = YES;
				GCC_WARN_UNUSED_VARIABLE = YES;
				IPHONEOS_DEPLOYMENT_TARGET = 16.0;
				MTL_ENABLE_DEBUG_INFO = NO;
				MTL_FAST_MATH = YES;
				SDKROOT = iphoneos;
				SWIFT_COMPILATION_MODE = wholemodule;
				SWIFT_OPTIMIZATION_LEVEL = "-O";
				VALIDATE_PRODUCT = YES;
			};
			name = Release;
		};
		0AB577422935D83900DFA5D2 /* Debug */ = {
			isa = XCBuildConfiguration;
			buildSettings = {
				ASSETCATALOG_COMPILER_APPICON_NAME = AppIcon;
				ASSETCATALOG_COMPILER_GLOBAL_ACCENT_COLOR_NAME = AccentColor;
				CODE_SIGN_STYLE = Automatic;
				CURRENT_PROJECT_VERSION = 1;
				DEVELOPMENT_TEAM = PBBT599Q77;
				GENERATE_INFOPLIST_FILE = YES;
				INFOPLIST_FILE = MovieChallenge/Info.plist;
				INFOPLIST_KEY_UIApplicationSupportsIndirectInputEvents = YES;
				INFOPLIST_KEY_UILaunchStoryboardName = LaunchScreen;
				INFOPLIST_KEY_UIMainStoryboardFile = Main;
				INFOPLIST_KEY_UISupportedInterfaceOrientations_iPad = "UIInterfaceOrientationPortrait UIInterfaceOrientationPortraitUpsideDown UIInterfaceOrientationLandscapeLeft UIInterfaceOrientationLandscapeRight";
				INFOPLIST_KEY_UISupportedInterfaceOrientations_iPhone = "UIInterfaceOrientationPortrait UIInterfaceOrientationLandscapeLeft UIInterfaceOrientationLandscapeRight";
				LD_RUNPATH_SEARCH_PATHS = (
					"$(inherited)",
					"@executable_path/Frameworks",
				);
				MARKETING_VERSION = 1.0;
				PRODUCT_BUNDLE_IDENTIFIER = kevin.MovieChallenge;
				PRODUCT_NAME = "$(TARGET_NAME)";
				SWIFT_EMIT_LOC_STRINGS = YES;
				SWIFT_VERSION = 5.0;
				TARGETED_DEVICE_FAMILY = "1,2";
			};
			name = Debug;
		};
		0AB577432935D83900DFA5D2 /* Release */ = {
			isa = XCBuildConfiguration;
			buildSettings = {
				ASSETCATALOG_COMPILER_APPICON_NAME = AppIcon;
				ASSETCATALOG_COMPILER_GLOBAL_ACCENT_COLOR_NAME = AccentColor;
				CODE_SIGN_STYLE = Automatic;
				CURRENT_PROJECT_VERSION = 1;
				DEVELOPMENT_TEAM = PBBT599Q77;
				GENERATE_INFOPLIST_FILE = YES;
				INFOPLIST_FILE = MovieChallenge/Info.plist;
				INFOPLIST_KEY_UIApplicationSupportsIndirectInputEvents = YES;
				INFOPLIST_KEY_UILaunchStoryboardName = LaunchScreen;
				INFOPLIST_KEY_UIMainStoryboardFile = Main;
				INFOPLIST_KEY_UISupportedInterfaceOrientations_iPad = "UIInterfaceOrientationPortrait UIInterfaceOrientationPortraitUpsideDown UIInterfaceOrientationLandscapeLeft UIInterfaceOrientationLandscapeRight";
				INFOPLIST_KEY_UISupportedInterfaceOrientations_iPhone = "UIInterfaceOrientationPortrait UIInterfaceOrientationLandscapeLeft UIInterfaceOrientationLandscapeRight";
				LD_RUNPATH_SEARCH_PATHS = (
					"$(inherited)",
					"@executable_path/Frameworks",
				);
				MARKETING_VERSION = 1.0;
				PRODUCT_BUNDLE_IDENTIFIER = kevin.MovieChallenge;
				PRODUCT_NAME = "$(TARGET_NAME)";
				SWIFT_EMIT_LOC_STRINGS = YES;
				SWIFT_VERSION = 5.0;
				TARGETED_DEVICE_FAMILY = "1,2";
			};
			name = Release;
		};
		0AB577452935D83900DFA5D2 /* Debug */ = {
			isa = XCBuildConfiguration;
			buildSettings = {
				ALWAYS_EMBED_SWIFT_STANDARD_LIBRARIES = YES;
				BUNDLE_LOADER = "$(TEST_HOST)";
				CODE_SIGN_STYLE = Automatic;
				CURRENT_PROJECT_VERSION = 1;
				DEVELOPMENT_TEAM = PBBT599Q77;
				GENERATE_INFOPLIST_FILE = YES;
				IPHONEOS_DEPLOYMENT_TARGET = 16.0;
				MARKETING_VERSION = 1.0;
				PRODUCT_BUNDLE_IDENTIFIER = kevin.MovieChallengeTests;
				PRODUCT_NAME = "$(TARGET_NAME)";
				SWIFT_EMIT_LOC_STRINGS = NO;
				SWIFT_VERSION = 5.0;
				TARGETED_DEVICE_FAMILY = "1,2";
				TEST_HOST = "$(BUILT_PRODUCTS_DIR)/MovieChallenge.app/$(BUNDLE_EXECUTABLE_FOLDER_PATH)/MovieChallenge";
			};
			name = Debug;
		};
		0AB577462935D83900DFA5D2 /* Release */ = {
			isa = XCBuildConfiguration;
			buildSettings = {
				ALWAYS_EMBED_SWIFT_STANDARD_LIBRARIES = YES;
				BUNDLE_LOADER = "$(TEST_HOST)";
				CODE_SIGN_STYLE = Automatic;
				CURRENT_PROJECT_VERSION = 1;
				DEVELOPMENT_TEAM = PBBT599Q77;
				GENERATE_INFOPLIST_FILE = YES;
				IPHONEOS_DEPLOYMENT_TARGET = 16.0;
				MARKETING_VERSION = 1.0;
				PRODUCT_BUNDLE_IDENTIFIER = kevin.MovieChallengeTests;
				PRODUCT_NAME = "$(TARGET_NAME)";
				SWIFT_EMIT_LOC_STRINGS = NO;
				SWIFT_VERSION = 5.0;
				TARGETED_DEVICE_FAMILY = "1,2";
				TEST_HOST = "$(BUILT_PRODUCTS_DIR)/MovieChallenge.app/$(BUNDLE_EXECUTABLE_FOLDER_PATH)/MovieChallenge";
			};
			name = Release;
		};
		0AB577482935D83900DFA5D2 /* Debug */ = {
			isa = XCBuildConfiguration;
			buildSettings = {
				ALWAYS_EMBED_SWIFT_STANDARD_LIBRARIES = YES;
				CODE_SIGN_STYLE = Automatic;
				CURRENT_PROJECT_VERSION = 1;
				DEVELOPMENT_TEAM = PBBT599Q77;
				GENERATE_INFOPLIST_FILE = YES;
				MARKETING_VERSION = 1.0;
				PRODUCT_BUNDLE_IDENTIFIER = kevin.MovieChallengeUITests;
				PRODUCT_NAME = "$(TARGET_NAME)";
				SWIFT_EMIT_LOC_STRINGS = NO;
				SWIFT_VERSION = 5.0;
				TARGETED_DEVICE_FAMILY = "1,2";
				TEST_TARGET_NAME = MovieChallenge;
			};
			name = Debug;
		};
		0AB577492935D83900DFA5D2 /* Release */ = {
			isa = XCBuildConfiguration;
			buildSettings = {
				ALWAYS_EMBED_SWIFT_STANDARD_LIBRARIES = YES;
				CODE_SIGN_STYLE = Automatic;
				CURRENT_PROJECT_VERSION = 1;
				DEVELOPMENT_TEAM = PBBT599Q77;
				GENERATE_INFOPLIST_FILE = YES;
				MARKETING_VERSION = 1.0;
				PRODUCT_BUNDLE_IDENTIFIER = kevin.MovieChallengeUITests;
				PRODUCT_NAME = "$(TARGET_NAME)";
				SWIFT_EMIT_LOC_STRINGS = NO;
				SWIFT_VERSION = 5.0;
				TARGETED_DEVICE_FAMILY = "1,2";
				TEST_TARGET_NAME = MovieChallenge;
			};
			name = Release;
		};
/* End XCBuildConfiguration section */

/* Begin XCConfigurationList section */
		0AB577122935D83700DFA5D2 /* Build configuration list for PBXProject "MovieChallenge" */ = {
			isa = XCConfigurationList;
			buildConfigurations = (
				0AB5773F2935D83900DFA5D2 /* Debug */,
				0AB577402935D83900DFA5D2 /* Release */,
			);
			defaultConfigurationIsVisible = 0;
			defaultConfigurationName = Release;
		};
		0AB577412935D83900DFA5D2 /* Build configuration list for PBXNativeTarget "MovieChallenge" */ = {
			isa = XCConfigurationList;
			buildConfigurations = (
				0AB577422935D83900DFA5D2 /* Debug */,
				0AB577432935D83900DFA5D2 /* Release */,
			);
			defaultConfigurationIsVisible = 0;
			defaultConfigurationName = Release;
		};
		0AB577442935D83900DFA5D2 /* Build configuration list for PBXNativeTarget "MovieChallengeTests" */ = {
			isa = XCConfigurationList;
			buildConfigurations = (
				0AB577452935D83900DFA5D2 /* Debug */,
				0AB577462935D83900DFA5D2 /* Release */,
			);
			defaultConfigurationIsVisible = 0;
			defaultConfigurationName = Release;
		};
		0AB577472935D83900DFA5D2 /* Build configuration list for PBXNativeTarget "MovieChallengeUITests" */ = {
			isa = XCConfigurationList;
			buildConfigurations = (
				0AB577482935D83900DFA5D2 /* Debug */,
				0AB577492935D83900DFA5D2 /* Release */,
			);
			defaultConfigurationIsVisible = 0;
			defaultConfigurationName = Release;
		};
/* End XCConfigurationList section */

/* Begin XCRemoteSwiftPackageReference section */
		0AB5774A2935D85A00DFA5D2 /* XCRemoteSwiftPackageReference "RxSwift" */ = {
			isa = XCRemoteSwiftPackageReference;
			repositoryURL = "https://github.com/ReactiveX/RxSwift";
			requirement = {
				branch = main;
				kind = branch;
			};
		};
		0AB5774D2935D87C00DFA5D2 /* XCRemoteSwiftPackageReference "Alamofire" */ = {
			isa = XCRemoteSwiftPackageReference;
			repositoryURL = "https://github.com/Alamofire/Alamofire";
			requirement = {
				branch = master;
				kind = branch;
			};
		};
/* End XCRemoteSwiftPackageReference section */

/* Begin XCSwiftPackageProductDependency section */
		0AB5774B2935D85A00DFA5D2 /* RxSwift */ = {
			isa = XCSwiftPackageProductDependency;
			package = 0AB5774A2935D85A00DFA5D2 /* XCRemoteSwiftPackageReference "RxSwift" */;
			productName = RxSwift;
		};
		0AB5774E2935D87C00DFA5D2 /* Alamofire */ = {
			isa = XCSwiftPackageProductDependency;
			package = 0AB5774D2935D87C00DFA5D2 /* XCRemoteSwiftPackageReference "Alamofire" */;
			productName = Alamofire;
		};
/* End XCSwiftPackageProductDependency section */
	};
	rootObject = 0AB5770F2935D83700DFA5D2 /* Project object */;
}
